
Microsoft Visual Studio Solution File, Format Version 12.00
# Visual Studio Version 17
VisualStudioVersion = 17.2.32422.2
MinimumVisualStudioVersion = 10.0.40219.1
Project("{8BC9CEB8-8B4A-11D0-8D11-00A0C91BC942}") = "NColor", "NALibs\NColor\NColor.vcxitems", "{03475EA5-0705-4E6C-BD81-9ADB90F4E5C4}"
EndProject
Project("{2150E333-8FDC-42A3-9474-1A3956D46DE8}") = "NALibs", "NALibs", "{1026EF60-78E2-4FD0-85BA-F70BA25EE78E}"
EndProject
Project("{8BC9CEB8-8B4A-11D0-8D11-00A0C91BC942}") = "NDefs", "NALibs\NDefs\NDefs.vcxitems", "{14C9DC9F-6259-48AE-89CD-21382B2A3088}"
EndProject
Project("{8BC9CEB8-8B4A-11D0-8D11-00A0C91BC942}") = "NEvents", "NALibs\NEvents\NEvents.vcxitems", "{6690F465-F8A8-4E47-85AD-198D9B969444}"
EndProject
Project("{8BC9CEB8-8B4A-11D0-8D11-00A0C91BC942}") = "NFuncs", "NALibs\NFuncs\NFuncs.vcxitems", "{5E64EA8B-9189-4EDF-86E2-6BFBEB350314}"
EndProject
Project("{8BC9CEB8-8B4A-11D0-8D11-00A0C91BC942}") = "NHCSR04", "NALibs\NHC-SR04\NHCSR04.vcxitems", "{8DFC44F8-4BD7-4F22-9380-D35D2A64E5DE}"
EndProject
Project("{8BC9CEB8-8B4A-11D0-8D11-00A0C91BC942}") = "NLinkedList", "NALibs\NLinkedList\NLinkedList.vcxitems", "{DCEEA9D4-E710-463B-9F67-65327A12DCAC}"
EndProject
Project("{8BC9CEB8-8B4A-11D0-8D11-00A0C91BC942}") = "NPush", "NALibs\NPush\NPush.vcxitems", "{7A568D34-EAAF-418C-85D3-78BA7431C45A}"
EndProject
Project("{8BC9CEB8-8B4A-11D0-8D11-00A0C91BC942}") = "NRotary", "NALibs\NRotary\NRotary.vcxitems", "{C3A94ED2-679D-44FE-A6FE-4BB7B3D58880}"
EndProject
Project("{8BC9CEB8-8B4A-11D0-8D11-00A0C91BC942}") = "NStreamCom", "NALibs\NStreamCom\NStreamCom.vcxitems", "{9B18E933-E472-4EF6-AEF0-36FCEC562E6C}"
EndProject
Project("{8BC9CEB8-8B4A-11D0-8D11-00A0C91BC942}") = "NTimer", "NALibs\NTimer\NTimer.vcxitems", "{B71D598B-CBA5-4070-AB75-EEC486CD193A}"
EndProject
Project("{8BC9CEB8-8B4A-11D0-8D11-00A0C91BC942}") = "NWire", "NALibs\NWire\NWire.vcxitems", "{8010D429-207A-4FD4-9A7D-70DC23C6F1C5}"
EndProject
Project("{2150E333-8FDC-42A3-9474-1A3956D46DE8}") = "Libraries", "Libraries", "{70E3B701-921F-4DBF-8898-DBB3A627F8E6}"
EndProject
Project("{2150E333-8FDC-42A3-9474-1A3956D46DE8}") = "Tools", "Tools", "{80BE9825-B600-4AB8-A0BD-28B355172E74}"
EndProject
Project("{FAE04EC0-301F-11D3-BF4B-00C04F79EFBC}") = "Installer", "NALibs\Tools\Installer\Installer.csproj", "{EACAA1FC-DA78-4780-A8AD-1B34A04589F6}"
EndProject
Project("{2150E333-8FDC-42A3-9474-1A3956D46DE8}") = ".NET Framework", ".NET Framework", "{BF2EC817-5CA9-4CD3-BAE7-C4D66D3FC507}"
EndProject
Project("{2150E333-8FDC-42A3-9474-1A3956D46DE8}") = "npy", "npy", "{C0E76133-FD8E-4676-A3C9-EE5E489B1FB1}"
EndProject
Project("{2150E333-8FDC-42A3-9474-1A3956D46DE8}") = "NC++", "NC++", "{91C3CA20-3B62-44F1-B559-B2AEAF768679}"
EndProject
Project("{FAE04EC0-301F-11D3-BF4B-00C04F79EFBC}") = "ByteExtensions", ".NET Framework\ByteExtensions\ByteExtensions.csproj", "{55EC2531-DFE0-4A12-986D-9E553F555B46}"
EndProject
Project("{FAE04EC0-301F-11D3-BF4B-00C04F79EFBC}") = "ByteExtensionsTest", ".NET Framework\ByteExtensionsTest\ByteExtensionsTest.csproj", "{788F1668-1C7A-407E-ADCC-36DC380725A8}"
EndProject
Project("{FAE04EC0-301F-11D3-BF4B-00C04F79EFBC}") = "NStreamCom", ".NET Framework\NStreamCom\NStreamCom.csproj", "{1FE1940B-B35D-48A2-8372-54EC14A86800}"
EndProject
Project("{FAE04EC0-301F-11D3-BF4B-00C04F79EFBC}") = "NStreamComTest", ".NET Framework\NStreamComTest\NStreamComTest.csproj", "{776B2617-CEE5-4116-95CF-B86BB33D2855}"
EndProject
Project("{8BC9CEB8-8B4A-11D0-8D11-00A0C91BC942}") = "NStreamComParser", "NC++\NStreamComParser\NStreamComParser.vcxitems", "{2D457078-5986-4CFF-8CDE-8D905EDE5605}"
EndProject
Project("{8BC9CEB8-8B4A-11D0-8D11-00A0C91BC942}") = "NStreamComParserTest", "NC++\NStreamComParserTest\NStreamComParserTest.vcxproj", "{F09E546F-7C57-4F65-9478-AD9E82BCF188}"
EndProject
Project("{2150E333-8FDC-42A3-9474-1A3956D46DE8}") = "NStreamComParser Projects", "NStreamComParser Projects", "{33811BD6-B1D1-46BF-AC24-A1964DAB865A}"
EndProject
Project("{2150E333-8FDC-42A3-9474-1A3956D46DE8}") = "SerialPort", "SerialPort", "{1F22FC5E-7CE4-4548-8BFC-F1B7B3482DD4}"
EndProject
Project("{8BC9CEB8-8B4A-11D0-8D11-00A0C91BC942}") = "SerialPort", "NC++\SerialPort\SerialPort.vcxitems", "{CC535310-FB15-4AE1-BFE1-4E5D46B60623}"
EndProject
Project("{8BC9CEB8-8B4A-11D0-8D11-00A0C91BC942}") = "SerialPortTest", "NC++\SerialPortTest\SerialPortTest.vcxproj", "{45E88800-6C3C-4C58-A210-D170FEB27D1E}"
EndProject
Project("{888888A0-9F3D-457C-B088-3A5042F75D52}") = "NPy", "npy_tests\NPy.pyproj", "{FE8047E0-B0B1-4970-ABEC-1F87095F54BC}"
EndProject
Project("{2150E333-8FDC-42A3-9474-1A3956D46DE8}") = "NStreamCom Projects", "NStreamCom Projects", "{49CA3DE5-40BA-433D-998C-A2BC865638EE}"
	ProjectSection(SolutionItems) = preProject
		BufferTemplate.csv = BufferTemplate.csv
	EndProjectSection
EndProject
Project("{2150E333-8FDC-42A3-9474-1A3956D46DE8}") = "ByteExtension Projects", "ByteExtension Projects", "{79920D1C-1A11-4FD6-ABD3-7F11787C75F3}"
EndProject
Project("{2150E333-8FDC-42A3-9474-1A3956D46DE8}") = ".NET 6", ".NET 6", "{1ED0BBDA-9194-46D4-8CF3-8D623316CF8D}"
	ProjectSection(SolutionItems) = preProject
		.NET 6\CLIApplication\Notes.txt = .NET 6\CLIApplication\Notes.txt
	EndProjectSection
EndProject
Project("{9A19103F-16F7-4668-BE54-9A1E7A4F7556}") = "CLIApplication", ".NET 6\CLIApplication\CLIApplication\CLIApplication.csproj", "{EB4D5F45-49EA-4EA1-939E-51D4FD977C48}"
EndProject
Project("{2150E333-8FDC-42A3-9474-1A3956D46DE8}") = "CLIApplication Projects", "CLIApplication Projects", "{22AF5B67-59B3-4256-831C-DC9BA4CBAEED}"
EndProject
Project("{2150E333-8FDC-42A3-9474-1A3956D46DE8}") = "CLIApplication Tests", "CLIApplication Tests", "{A42DFAB7-77B4-4B52-9C59-7559F0BA0701}"
EndProject
Project("{9A19103F-16F7-4668-BE54-9A1E7A4F7556}") = "ConsoleApp1", ".NET 6\CLIApplication\CLIApp1\ConsoleApp1\ConsoleApp1.csproj", "{86FB425F-D892-40DF-86E2-90FAEE1DF0E4}"
EndProject
Project("{2150E333-8FDC-42A3-9474-1A3956D46DE8}") = "Standard Collections", "Standard Collections", "{E38CF85A-69D0-423D-9CBA-B0A3B1CC904C}"
	ProjectSection(SolutionItems) = preProject
		NC++\StandardCollections\StandardCollections.sln = NC++\StandardCollections\StandardCollections.sln
	EndProjectSection
EndProject
Project("{2150E333-8FDC-42A3-9474-1A3956D46DE8}") = "Test Service", "Test Service", "{0BA054BE-D542-40EF-AB81-34D0923185F5}"
EndProject
Project("{8BC9CEB8-8B4A-11D0-8D11-00A0C91BC942}") = "TestService", "NC++\TestService\TestService.vcxitems", "{778AE80E-5964-44A6-85DA-4A0460E8B118}"
EndProject
Project("{8BC9CEB8-8B4A-11D0-8D11-00A0C91BC942}") = "TestServiceTest", "NC++\TestServiceTest\TestServiceTest.vcxproj", "{F9CCD9CE-97ED-4208-A595-7F77E8DD6F43}"
EndProject
Project("{8BC9CEB8-8B4A-11D0-8D11-00A0C91BC942}") = "SketchBindings", "NALibs\SketchBindings\SketchBindings.vcxitems", "{B761667C-0FCE-450B-9E96-79E53106A92D}"
EndProject
Project("{8BC9CEB8-8B4A-11D0-8D11-00A0C91BC942}") = "Reference Sketch", "NALibs\Reference\Reference Sketch\Reference Sketch.vcxproj", "{3652DD51-E916-4713-8582-802F0AA90F77}"
EndProject
Project("{8BC9CEB8-8B4A-11D0-8D11-00A0C91BC942}") = "Callables", "NALibs\Callables\Callables.vcxitems", "{27D02328-B9E1-49F6-BC7E-8E72C151672F}"
EndProject
Project("{8BC9CEB8-8B4A-11D0-8D11-00A0C91BC942}") = "StandardCollections", "NC++\StandardCollections\StandardCollections.vcxitems", "{6A1B6FF9-C65C-49A9-BEFF-935FC2A4470F}"
EndProject
Global
	GlobalSection(SolutionConfigurationPlatforms) = preSolution
		Debug|Any CPU = Debug|Any CPU
		Debug|x64 = Debug|x64
		Debug|x86 = Debug|x86
		Release|Any CPU = Release|Any CPU
		Release|x64 = Release|x64
		Release|x86 = Release|x86
	EndGlobalSection
	GlobalSection(ProjectConfigurationPlatforms) = postSolution
		{EACAA1FC-DA78-4780-A8AD-1B34A04589F6}.Debug|Any CPU.ActiveCfg = Debug|Any CPU
		{EACAA1FC-DA78-4780-A8AD-1B34A04589F6}.Debug|Any CPU.Build.0 = Debug|Any CPU
		{EACAA1FC-DA78-4780-A8AD-1B34A04589F6}.Debug|x64.ActiveCfg = Debug|Any CPU
		{EACAA1FC-DA78-4780-A8AD-1B34A04589F6}.Debug|x64.Build.0 = Debug|Any CPU
		{EACAA1FC-DA78-4780-A8AD-1B34A04589F6}.Debug|x86.ActiveCfg = Debug|Any CPU
		{EACAA1FC-DA78-4780-A8AD-1B34A04589F6}.Debug|x86.Build.0 = Debug|Any CPU
		{EACAA1FC-DA78-4780-A8AD-1B34A04589F6}.Release|Any CPU.ActiveCfg = Release|Any CPU
		{EACAA1FC-DA78-4780-A8AD-1B34A04589F6}.Release|Any CPU.Build.0 = Release|Any CPU
		{EACAA1FC-DA78-4780-A8AD-1B34A04589F6}.Release|x64.ActiveCfg = Release|Any CPU
		{EACAA1FC-DA78-4780-A8AD-1B34A04589F6}.Release|x64.Build.0 = Release|Any CPU
		{EACAA1FC-DA78-4780-A8AD-1B34A04589F6}.Release|x86.ActiveCfg = Release|Any CPU
		{EACAA1FC-DA78-4780-A8AD-1B34A04589F6}.Release|x86.Build.0 = Release|Any CPU
		{55EC2531-DFE0-4A12-986D-9E553F555B46}.Debug|Any CPU.ActiveCfg = Debug|Any CPU
		{55EC2531-DFE0-4A12-986D-9E553F555B46}.Debug|Any CPU.Build.0 = Debug|Any CPU
		{55EC2531-DFE0-4A12-986D-9E553F555B46}.Debug|x64.ActiveCfg = Debug|Any CPU
		{55EC2531-DFE0-4A12-986D-9E553F555B46}.Debug|x64.Build.0 = Debug|Any CPU
		{55EC2531-DFE0-4A12-986D-9E553F555B46}.Debug|x86.ActiveCfg = Debug|Any CPU
		{55EC2531-DFE0-4A12-986D-9E553F555B46}.Debug|x86.Build.0 = Debug|Any CPU
		{55EC2531-DFE0-4A12-986D-9E553F555B46}.Release|Any CPU.ActiveCfg = Release|Any CPU
		{55EC2531-DFE0-4A12-986D-9E553F555B46}.Release|Any CPU.Build.0 = Release|Any CPU
		{55EC2531-DFE0-4A12-986D-9E553F555B46}.Release|x64.ActiveCfg = Release|Any CPU
		{55EC2531-DFE0-4A12-986D-9E553F555B46}.Release|x64.Build.0 = Release|Any CPU
		{55EC2531-DFE0-4A12-986D-9E553F555B46}.Release|x86.ActiveCfg = Release|Any CPU
		{55EC2531-DFE0-4A12-986D-9E553F555B46}.Release|x86.Build.0 = Release|Any CPU
		{788F1668-1C7A-407E-ADCC-36DC380725A8}.Debug|Any CPU.ActiveCfg = Debug|Any CPU
		{788F1668-1C7A-407E-ADCC-36DC380725A8}.Debug|Any CPU.Build.0 = Debug|Any CPU
		{788F1668-1C7A-407E-ADCC-36DC380725A8}.Debug|x64.ActiveCfg = Debug|Any CPU
		{788F1668-1C7A-407E-ADCC-36DC380725A8}.Debug|x64.Build.0 = Debug|Any CPU
		{788F1668-1C7A-407E-ADCC-36DC380725A8}.Debug|x86.ActiveCfg = Debug|Any CPU
		{788F1668-1C7A-407E-ADCC-36DC380725A8}.Debug|x86.Build.0 = Debug|Any CPU
		{788F1668-1C7A-407E-ADCC-36DC380725A8}.Release|Any CPU.ActiveCfg = Release|Any CPU
		{788F1668-1C7A-407E-ADCC-36DC380725A8}.Release|Any CPU.Build.0 = Release|Any CPU
		{788F1668-1C7A-407E-ADCC-36DC380725A8}.Release|x64.ActiveCfg = Release|Any CPU
		{788F1668-1C7A-407E-ADCC-36DC380725A8}.Release|x64.Build.0 = Release|Any CPU
		{788F1668-1C7A-407E-ADCC-36DC380725A8}.Release|x86.ActiveCfg = Release|Any CPU
		{788F1668-1C7A-407E-ADCC-36DC380725A8}.Release|x86.Build.0 = Release|Any CPU
		{1FE1940B-B35D-48A2-8372-54EC14A86800}.Debug|Any CPU.ActiveCfg = Debug|Any CPU
		{1FE1940B-B35D-48A2-8372-54EC14A86800}.Debug|Any CPU.Build.0 = Debug|Any CPU
		{1FE1940B-B35D-48A2-8372-54EC14A86800}.Debug|x64.ActiveCfg = Debug|Any CPU
		{1FE1940B-B35D-48A2-8372-54EC14A86800}.Debug|x64.Build.0 = Debug|Any CPU
		{1FE1940B-B35D-48A2-8372-54EC14A86800}.Debug|x86.ActiveCfg = Debug|Any CPU
		{1FE1940B-B35D-48A2-8372-54EC14A86800}.Debug|x86.Build.0 = Debug|Any CPU
		{1FE1940B-B35D-48A2-8372-54EC14A86800}.Release|Any CPU.ActiveCfg = Release|Any CPU
		{1FE1940B-B35D-48A2-8372-54EC14A86800}.Release|Any CPU.Build.0 = Release|Any CPU
		{1FE1940B-B35D-48A2-8372-54EC14A86800}.Release|x64.ActiveCfg = Release|Any CPU
		{1FE1940B-B35D-48A2-8372-54EC14A86800}.Release|x64.Build.0 = Release|Any CPU
		{1FE1940B-B35D-48A2-8372-54EC14A86800}.Release|x86.ActiveCfg = Release|Any CPU
		{1FE1940B-B35D-48A2-8372-54EC14A86800}.Release|x86.Build.0 = Release|Any CPU
		{776B2617-CEE5-4116-95CF-B86BB33D2855}.Debug|Any CPU.ActiveCfg = Debug|Any CPU
		{776B2617-CEE5-4116-95CF-B86BB33D2855}.Debug|Any CPU.Build.0 = Debug|Any CPU
		{776B2617-CEE5-4116-95CF-B86BB33D2855}.Debug|x64.ActiveCfg = Debug|Any CPU
		{776B2617-CEE5-4116-95CF-B86BB33D2855}.Debug|x64.Build.0 = Debug|Any CPU
		{776B2617-CEE5-4116-95CF-B86BB33D2855}.Debug|x86.ActiveCfg = Debug|Any CPU
		{776B2617-CEE5-4116-95CF-B86BB33D2855}.Debug|x86.Build.0 = Debug|Any CPU
		{776B2617-CEE5-4116-95CF-B86BB33D2855}.Release|Any CPU.ActiveCfg = Release|Any CPU
		{776B2617-CEE5-4116-95CF-B86BB33D2855}.Release|Any CPU.Build.0 = Release|Any CPU
		{776B2617-CEE5-4116-95CF-B86BB33D2855}.Release|x64.ActiveCfg = Release|Any CPU
		{776B2617-CEE5-4116-95CF-B86BB33D2855}.Release|x64.Build.0 = Release|Any CPU
		{776B2617-CEE5-4116-95CF-B86BB33D2855}.Release|x86.ActiveCfg = Release|Any CPU
		{776B2617-CEE5-4116-95CF-B86BB33D2855}.Release|x86.Build.0 = Release|Any CPU
		{F09E546F-7C57-4F65-9478-AD9E82BCF188}.Debug|Any CPU.ActiveCfg = Debug|x64
		{F09E546F-7C57-4F65-9478-AD9E82BCF188}.Debug|Any CPU.Build.0 = Debug|x64
		{F09E546F-7C57-4F65-9478-AD9E82BCF188}.Debug|x64.ActiveCfg = Debug|x64
		{F09E546F-7C57-4F65-9478-AD9E82BCF188}.Debug|x64.Build.0 = Debug|x64
		{F09E546F-7C57-4F65-9478-AD9E82BCF188}.Debug|x86.ActiveCfg = Debug|Win32
		{F09E546F-7C57-4F65-9478-AD9E82BCF188}.Debug|x86.Build.0 = Debug|Win32
		{F09E546F-7C57-4F65-9478-AD9E82BCF188}.Release|Any CPU.ActiveCfg = Release|x64
		{F09E546F-7C57-4F65-9478-AD9E82BCF188}.Release|Any CPU.Build.0 = Release|x64
		{F09E546F-7C57-4F65-9478-AD9E82BCF188}.Release|x64.ActiveCfg = Release|x64
		{F09E546F-7C57-4F65-9478-AD9E82BCF188}.Release|x64.Build.0 = Release|x64
		{F09E546F-7C57-4F65-9478-AD9E82BCF188}.Release|x86.ActiveCfg = Release|Win32
		{F09E546F-7C57-4F65-9478-AD9E82BCF188}.Release|x86.Build.0 = Release|Win32
		{45E88800-6C3C-4C58-A210-D170FEB27D1E}.Debug|Any CPU.ActiveCfg = Debug|x64
		{45E88800-6C3C-4C58-A210-D170FEB27D1E}.Debug|Any CPU.Build.0 = Debug|x64
		{45E88800-6C3C-4C58-A210-D170FEB27D1E}.Debug|x64.ActiveCfg = Debug|x64
		{45E88800-6C3C-4C58-A210-D170FEB27D1E}.Debug|x64.Build.0 = Debug|x64
		{45E88800-6C3C-4C58-A210-D170FEB27D1E}.Debug|x86.ActiveCfg = Debug|Win32
		{45E88800-6C3C-4C58-A210-D170FEB27D1E}.Debug|x86.Build.0 = Debug|Win32
		{45E88800-6C3C-4C58-A210-D170FEB27D1E}.Release|Any CPU.ActiveCfg = Release|x64
		{45E88800-6C3C-4C58-A210-D170FEB27D1E}.Release|Any CPU.Build.0 = Release|x64
		{45E88800-6C3C-4C58-A210-D170FEB27D1E}.Release|x64.ActiveCfg = Release|x64
		{45E88800-6C3C-4C58-A210-D170FEB27D1E}.Release|x64.Build.0 = Release|x64
		{45E88800-6C3C-4C58-A210-D170FEB27D1E}.Release|x86.ActiveCfg = Release|Win32
		{45E88800-6C3C-4C58-A210-D170FEB27D1E}.Release|x86.Build.0 = Release|Win32
		{FE8047E0-B0B1-4970-ABEC-1F87095F54BC}.Debug|Any CPU.ActiveCfg = Debug|Any CPU
		{FE8047E0-B0B1-4970-ABEC-1F87095F54BC}.Debug|x64.ActiveCfg = Debug|Any CPU
		{FE8047E0-B0B1-4970-ABEC-1F87095F54BC}.Debug|x86.ActiveCfg = Debug|Any CPU
		{FE8047E0-B0B1-4970-ABEC-1F87095F54BC}.Release|Any CPU.ActiveCfg = Release|Any CPU
		{FE8047E0-B0B1-4970-ABEC-1F87095F54BC}.Release|x64.ActiveCfg = Release|Any CPU
		{FE8047E0-B0B1-4970-ABEC-1F87095F54BC}.Release|x86.ActiveCfg = Release|Any CPU
		{EB4D5F45-49EA-4EA1-939E-51D4FD977C48}.Debug|Any CPU.ActiveCfg = Debug|Any CPU
		{EB4D5F45-49EA-4EA1-939E-51D4FD977C48}.Debug|Any CPU.Build.0 = Debug|Any CPU
		{EB4D5F45-49EA-4EA1-939E-51D4FD977C48}.Debug|x64.ActiveCfg = Debug|Any CPU
		{EB4D5F45-49EA-4EA1-939E-51D4FD977C48}.Debug|x64.Build.0 = Debug|Any CPU
		{EB4D5F45-49EA-4EA1-939E-51D4FD977C48}.Debug|x86.ActiveCfg = Debug|Any CPU
		{EB4D5F45-49EA-4EA1-939E-51D4FD977C48}.Debug|x86.Build.0 = Debug|Any CPU
		{EB4D5F45-49EA-4EA1-939E-51D4FD977C48}.Release|Any CPU.ActiveCfg = Release|Any CPU
		{EB4D5F45-49EA-4EA1-939E-51D4FD977C48}.Release|Any CPU.Build.0 = Release|Any CPU
		{EB4D5F45-49EA-4EA1-939E-51D4FD977C48}.Release|x64.ActiveCfg = Release|Any CPU
		{EB4D5F45-49EA-4EA1-939E-51D4FD977C48}.Release|x64.Build.0 = Release|Any CPU
		{EB4D5F45-49EA-4EA1-939E-51D4FD977C48}.Release|x86.ActiveCfg = Release|Any CPU
		{EB4D5F45-49EA-4EA1-939E-51D4FD977C48}.Release|x86.Build.0 = Release|Any CPU
		{86FB425F-D892-40DF-86E2-90FAEE1DF0E4}.Debug|Any CPU.ActiveCfg = Debug|Any CPU
		{86FB425F-D892-40DF-86E2-90FAEE1DF0E4}.Debug|Any CPU.Build.0 = Debug|Any CPU
		{86FB425F-D892-40DF-86E2-90FAEE1DF0E4}.Debug|x64.ActiveCfg = Debug|Any CPU
		{86FB425F-D892-40DF-86E2-90FAEE1DF0E4}.Debug|x64.Build.0 = Debug|Any CPU
		{86FB425F-D892-40DF-86E2-90FAEE1DF0E4}.Debug|x86.ActiveCfg = Debug|Any CPU
		{86FB425F-D892-40DF-86E2-90FAEE1DF0E4}.Debug|x86.Build.0 = Debug|Any CPU
		{86FB425F-D892-40DF-86E2-90FAEE1DF0E4}.Release|Any CPU.ActiveCfg = Release|Any CPU
		{86FB425F-D892-40DF-86E2-90FAEE1DF0E4}.Release|Any CPU.Build.0 = Release|Any CPU
		{86FB425F-D892-40DF-86E2-90FAEE1DF0E4}.Release|x64.ActiveCfg = Release|Any CPU
		{86FB425F-D892-40DF-86E2-90FAEE1DF0E4}.Release|x64.Build.0 = Release|Any CPU
		{86FB425F-D892-40DF-86E2-90FAEE1DF0E4}.Release|x86.ActiveCfg = Release|Any CPU
		{86FB425F-D892-40DF-86E2-90FAEE1DF0E4}.Release|x86.Build.0 = Release|Any CPU
		{F9CCD9CE-97ED-4208-A595-7F77E8DD6F43}.Debug|Any CPU.ActiveCfg = Debug|x64
		{F9CCD9CE-97ED-4208-A595-7F77E8DD6F43}.Debug|Any CPU.Build.0 = Debug|x64
		{F9CCD9CE-97ED-4208-A595-7F77E8DD6F43}.Debug|x64.ActiveCfg = Debug|x64
		{F9CCD9CE-97ED-4208-A595-7F77E8DD6F43}.Debug|x64.Build.0 = Debug|x64
		{F9CCD9CE-97ED-4208-A595-7F77E8DD6F43}.Debug|x86.ActiveCfg = Debug|Win32
		{F9CCD9CE-97ED-4208-A595-7F77E8DD6F43}.Debug|x86.Build.0 = Debug|Win32
		{F9CCD9CE-97ED-4208-A595-7F77E8DD6F43}.Release|Any CPU.ActiveCfg = Release|x64
		{F9CCD9CE-97ED-4208-A595-7F77E8DD6F43}.Release|Any CPU.Build.0 = Release|x64
		{F9CCD9CE-97ED-4208-A595-7F77E8DD6F43}.Release|x64.ActiveCfg = Release|x64
		{F9CCD9CE-97ED-4208-A595-7F77E8DD6F43}.Release|x64.Build.0 = Release|x64
		{F9CCD9CE-97ED-4208-A595-7F77E8DD6F43}.Release|x86.ActiveCfg = Release|Win32
		{F9CCD9CE-97ED-4208-A595-7F77E8DD6F43}.Release|x86.Build.0 = Release|Win32
		{3652DD51-E916-4713-8582-802F0AA90F77}.Debug|Any CPU.ActiveCfg = Debug|Win32
		{3652DD51-E916-4713-8582-802F0AA90F77}.Debug|Any CPU.Build.0 = Debug|Win32
		{3652DD51-E916-4713-8582-802F0AA90F77}.Debug|x64.ActiveCfg = Debug|Win32
		{3652DD51-E916-4713-8582-802F0AA90F77}.Debug|x64.Build.0 = Debug|Win32
		{3652DD51-E916-4713-8582-802F0AA90F77}.Debug|x86.ActiveCfg = Debug|Win32
		{3652DD51-E916-4713-8582-802F0AA90F77}.Debug|x86.Build.0 = Debug|Win32
		{3652DD51-E916-4713-8582-802F0AA90F77}.Release|Any CPU.ActiveCfg = Release|Win32
		{3652DD51-E916-4713-8582-802F0AA90F77}.Release|Any CPU.Build.0 = Release|Win32
		{3652DD51-E916-4713-8582-802F0AA90F77}.Release|x64.ActiveCfg = Release|Win32
		{3652DD51-E916-4713-8582-802F0AA90F77}.Release|x64.Build.0 = Release|Win32
		{3652DD51-E916-4713-8582-802F0AA90F77}.Release|x86.ActiveCfg = Release|Win32
		{3652DD51-E916-4713-8582-802F0AA90F77}.Release|x86.Build.0 = Release|Win32
	EndGlobalSection
	GlobalSection(SolutionProperties) = preSolution
		HideSolutionNode = FALSE
	EndGlobalSection
	GlobalSection(NestedProjects) = preSolution
		{03475EA5-0705-4E6C-BD81-9ADB90F4E5C4} = {70E3B701-921F-4DBF-8898-DBB3A627F8E6}
		{14C9DC9F-6259-48AE-89CD-21382B2A3088} = {70E3B701-921F-4DBF-8898-DBB3A627F8E6}
		{6690F465-F8A8-4E47-85AD-198D9B969444} = {70E3B701-921F-4DBF-8898-DBB3A627F8E6}
		{5E64EA8B-9189-4EDF-86E2-6BFBEB350314} = {70E3B701-921F-4DBF-8898-DBB3A627F8E6}
		{8DFC44F8-4BD7-4F22-9380-D35D2A64E5DE} = {70E3B701-921F-4DBF-8898-DBB3A627F8E6}
		{DCEEA9D4-E710-463B-9F67-65327A12DCAC} = {70E3B701-921F-4DBF-8898-DBB3A627F8E6}
		{7A568D34-EAAF-418C-85D3-78BA7431C45A} = {70E3B701-921F-4DBF-8898-DBB3A627F8E6}
		{C3A94ED2-679D-44FE-A6FE-4BB7B3D58880} = {70E3B701-921F-4DBF-8898-DBB3A627F8E6}
		{9B18E933-E472-4EF6-AEF0-36FCEC562E6C} = {70E3B701-921F-4DBF-8898-DBB3A627F8E6}
		{B71D598B-CBA5-4070-AB75-EEC486CD193A} = {70E3B701-921F-4DBF-8898-DBB3A627F8E6}
		{8010D429-207A-4FD4-9A7D-70DC23C6F1C5} = {70E3B701-921F-4DBF-8898-DBB3A627F8E6}
		{70E3B701-921F-4DBF-8898-DBB3A627F8E6} = {1026EF60-78E2-4FD0-85BA-F70BA25EE78E}
		{80BE9825-B600-4AB8-A0BD-28B355172E74} = {1026EF60-78E2-4FD0-85BA-F70BA25EE78E}
		{EACAA1FC-DA78-4780-A8AD-1B34A04589F6} = {80BE9825-B600-4AB8-A0BD-28B355172E74}
		{55EC2531-DFE0-4A12-986D-9E553F555B46} = {79920D1C-1A11-4FD6-ABD3-7F11787C75F3}
		{788F1668-1C7A-407E-ADCC-36DC380725A8} = {79920D1C-1A11-4FD6-ABD3-7F11787C75F3}
		{1FE1940B-B35D-48A2-8372-54EC14A86800} = {49CA3DE5-40BA-433D-998C-A2BC865638EE}
		{776B2617-CEE5-4116-95CF-B86BB33D2855} = {49CA3DE5-40BA-433D-998C-A2BC865638EE}
		{2D457078-5986-4CFF-8CDE-8D905EDE5605} = {33811BD6-B1D1-46BF-AC24-A1964DAB865A}
		{F09E546F-7C57-4F65-9478-AD9E82BCF188} = {33811BD6-B1D1-46BF-AC24-A1964DAB865A}
		{33811BD6-B1D1-46BF-AC24-A1964DAB865A} = {91C3CA20-3B62-44F1-B559-B2AEAF768679}
		{1F22FC5E-7CE4-4548-8BFC-F1B7B3482DD4} = {91C3CA20-3B62-44F1-B559-B2AEAF768679}
		{CC535310-FB15-4AE1-BFE1-4E5D46B60623} = {1F22FC5E-7CE4-4548-8BFC-F1B7B3482DD4}
		{45E88800-6C3C-4C58-A210-D170FEB27D1E} = {1F22FC5E-7CE4-4548-8BFC-F1B7B3482DD4}
		{FE8047E0-B0B1-4970-ABEC-1F87095F54BC} = {C0E76133-FD8E-4676-A3C9-EE5E489B1FB1}
		{49CA3DE5-40BA-433D-998C-A2BC865638EE} = {BF2EC817-5CA9-4CD3-BAE7-C4D66D3FC507}
		{79920D1C-1A11-4FD6-ABD3-7F11787C75F3} = {BF2EC817-5CA9-4CD3-BAE7-C4D66D3FC507}
		{EB4D5F45-49EA-4EA1-939E-51D4FD977C48} = {22AF5B67-59B3-4256-831C-DC9BA4CBAEED}
		{22AF5B67-59B3-4256-831C-DC9BA4CBAEED} = {1ED0BBDA-9194-46D4-8CF3-8D623316CF8D}
		{A42DFAB7-77B4-4B52-9C59-7559F0BA0701} = {1ED0BBDA-9194-46D4-8CF3-8D623316CF8D}
		{86FB425F-D892-40DF-86E2-90FAEE1DF0E4} = {A42DFAB7-77B4-4B52-9C59-7559F0BA0701}
		{E38CF85A-69D0-423D-9CBA-B0A3B1CC904C} = {91C3CA20-3B62-44F1-B559-B2AEAF768679}
		{0BA054BE-D542-40EF-AB81-34D0923185F5} = {91C3CA20-3B62-44F1-B559-B2AEAF768679}
		{778AE80E-5964-44A6-85DA-4A0460E8B118} = {0BA054BE-D542-40EF-AB81-34D0923185F5}
		{F9CCD9CE-97ED-4208-A595-7F77E8DD6F43} = {0BA054BE-D542-40EF-AB81-34D0923185F5}
		{B761667C-0FCE-450B-9E96-79E53106A92D} = {70E3B701-921F-4DBF-8898-DBB3A627F8E6}
		{3652DD51-E916-4713-8582-802F0AA90F77} = {80BE9825-B600-4AB8-A0BD-28B355172E74}
		{27D02328-B9E1-49F6-BC7E-8E72C151672F} = {70E3B701-921F-4DBF-8898-DBB3A627F8E6}
		{6A1B6FF9-C65C-49A9-BEFF-935FC2A4470F} = {E38CF85A-69D0-423D-9CBA-B0A3B1CC904C}
	EndGlobalSection
	GlobalSection(ExtensibilityGlobals) = postSolution
		SolutionGuid = {94418CE5-084E-4384-8A74-2CFF41B88122}
	EndGlobalSection
	GlobalSection(SharedMSBuildProjectFiles) = preSolution
		NALibs\NColor\NColor.vcxitems*{03475ea5-0705-4e6c-bd81-9adb90f4e5c4}*SharedItemsImports = 9
		NALibs\NDefs\NDefs.vcxitems*{14c9dc9f-6259-48ae-89cd-21382b2a3088}*SharedItemsImports = 9
		NALibs\Callables\Callables.vcxitems*{27d02328-b9e1-49f6-bc7e-8e72c151672f}*SharedItemsImports = 9
		NC++\NStreamComParser\NStreamComParser.vcxitems*{2d457078-5986-4cff-8cde-8d905ede5605}*SharedItemsImports = 9
		NALibs\Callables\Callables.vcxitems*{3652dd51-e916-4713-8582-802f0aa90f77}*SharedItemsImports = 4
		NALibs\NColor\NColor.vcxitems*{3652dd51-e916-4713-8582-802f0aa90f77}*SharedItemsImports = 4
		NALibs\NDefs\NDefs.vcxitems*{3652dd51-e916-4713-8582-802f0aa90f77}*SharedItemsImports = 4
		NALibs\NEvents\NEvents.vcxitems*{3652dd51-e916-4713-8582-802f0aa90f77}*SharedItemsImports = 4
		NALibs\NFuncs\NFuncs.vcxitems*{3652dd51-e916-4713-8582-802f0aa90f77}*SharedItemsImports = 4
		NALibs\NHC-SR04\NHCSR04.vcxitems*{3652dd51-e916-4713-8582-802f0aa90f77}*SharedItemsImports = 4
		NALibs\NLinkedList\NLinkedList.vcxitems*{3652dd51-e916-4713-8582-802f0aa90f77}*SharedItemsImports = 4
		NALibs\NPush\NPush.vcxitems*{3652dd51-e916-4713-8582-802f0aa90f77}*SharedItemsImports = 4
		NALibs\NRotary\NRotary.vcxitems*{3652dd51-e916-4713-8582-802f0aa90f77}*SharedItemsImports = 4
		NALibs\NStreamCom\NStreamCom.vcxitems*{3652dd51-e916-4713-8582-802f0aa90f77}*SharedItemsImports = 4
		NALibs\NTimer\NTimer.vcxitems*{3652dd51-e916-4713-8582-802f0aa90f77}*SharedItemsImports = 4
		NALibs\NWire\NWire.vcxitems*{3652dd51-e916-4713-8582-802f0aa90f77}*SharedItemsImports = 4
		NALibs\SketchBindings\SketchBindings.vcxitems*{3652dd51-e916-4713-8582-802f0aa90f77}*SharedItemsImports = 4
		NC++\SerialPort\SerialPort.vcxitems*{45e88800-6c3c-4c58-a210-d170feb27d1e}*SharedItemsImports = 4
		NALibs\NFuncs\NFuncs.vcxitems*{5e64ea8b-9189-4edf-86e2-6bfbeb350314}*SharedItemsImports = 9
		NALibs\NEvents\NEvents.vcxitems*{6690f465-f8a8-4e47-85ad-198d9b969444}*SharedItemsImports = 9
		NC++\StandardCollections\StandardCollections.vcxitems*{6a1b6ff9-c65c-49a9-beff-935fc2a4470f}*SharedItemsImports = 9
		NC++\TestService\TestService.vcxitems*{778ae80e-5964-44a6-85da-4a0460e8b118}*SharedItemsImports = 9
		NALibs\NPush\NPush.vcxitems*{7a568d34-eaaf-418c-85d3-78ba7431c45a}*SharedItemsImports = 9
		NALibs\NWire\NWire.vcxitems*{8010d429-207a-4fd4-9a7d-70dc23c6f1c5}*SharedItemsImports = 9
		NALibs\NHC-SR04\NHCSR04.vcxitems*{8dfc44f8-4bd7-4f22-9380-d35d2a64e5de}*SharedItemsImports = 9
		NALibs\NStreamCom\NStreamCom.vcxitems*{9b18e933-e472-4ef6-aef0-36fcec562e6c}*SharedItemsImports = 9
		NALibs\NTimer\NTimer.vcxitems*{b71d598b-cba5-4070-ab75-eec486cd193a}*SharedItemsImports = 9
		NALibs\SketchBindings\SketchBindings.vcxitems*{b761667c-0fce-450b-9e96-79e53106a92d}*SharedItemsImports = 9
		NALibs\NRotary\NRotary.vcxitems*{c3a94ed2-679d-44fe-a6fe-4bb7b3d58880}*SharedItemsImports = 9
		NC++\SerialPort\SerialPort.vcxitems*{cc535310-fb15-4ae1-bfe1-4e5d46b60623}*SharedItemsImports = 9
		NALibs\NLinkedList\NLinkedList.vcxitems*{dceea9d4-e710-463b-9f67-65327a12dcac}*SharedItemsImports = 9
		NC++\NStreamComParser\NStreamComParser.vcxitems*{f09e546f-7c57-4f65-9478-ad9e82bcf188}*SharedItemsImports = 4
		NC++\StandardCollections\StandardCollections.vcxitems*{f09e546f-7c57-4f65-9478-ad9e82bcf188}*SharedItemsImports = 4
		NC++\StandardCollections\StandardCollections.vcxitems*{f9ccd9ce-97ed-4208-a595-7f77e8dd6f43}*SharedItemsImports = 4
		NC++\TestService\TestService.vcxitems*{f9ccd9ce-97ed-4208-a595-7f77e8dd6f43}*SharedItemsImports = 4
	EndGlobalSection
EndGlobal
